
Microsoft Visual Studio Solution File, Format Version 12.00
# Visual Studio Version 16
VisualStudioVersion = 16.0.30804.86
MinimumVisualStudioVersion = 10.0.40219.1
Project("{FAE04EC0-301F-11D3-BF4B-00C04F79EFBC}") = "AliCalc.Model", "AliCalc.Model\AliCalc.Model.csproj", "{D723D776-465F-42BB-A27B-09D04DA6F5B4}"
EndProject
Project("{FAE04EC0-301F-11D3-BF4B-00C04F79EFBC}") = "Alicalc.Test", "Alicalc.Test\Alicalc.Test.csproj", "{3ACB204B-958E-4F71-A85A-A92C83DABA8C}"
EndProject
Global
	GlobalSection(SolutionConfigurationPlatforms) = preSolution
		Debug|Any CPU = Debug|Any CPU
		Release|Any CPU = Release|Any CPU
	EndGlobalSection
	GlobalSection(ProjectConfigurationPlatforms) = postSolution
		{D723D776-465F-42BB-A27B-09D04DA6F5B4}.Debug|Any CPU.ActiveCfg = Debug|Any CPU
		{D723D776-465F-42BB-A27B-09D04DA6F5B4}.Debug|Any CPU.Build.0 = Debug|Any CPU
		{D723D776-465F-42BB-A27B-09D04DA6F5B4}.Release|Any CPU.ActiveCfg = Release|Any CPU
		{D723D776-465F-42BB-A27B-09D04DA6F5B4}.Release|Any CPU.Build.0 = Release|Any CPU
		{3ACB204B-958E-4F71-A85A-A92C83DABA8C}.Debug|Any CPU.ActiveCfg = Debug|Any CPU
		{3ACB204B-958E-4F71-A85A-A92C83DABA8C}.Debug|Any CPU.Build.0 = Debug|Any CPU
		{3ACB204B-958E-4F71-A85A-A92C83DABA8C}.Release|Any CPU.ActiveCfg = Release|Any CPU
		{3ACB204B-958E-4F71-A85A-A92C83DABA8C}.Release|Any CPU.Build.0 = Release|Any CPU
	EndGlobalSection
	GlobalSection(SolutionProperties) = preSolution
		HideSolutionNode = FALSE
	EndGlobalSection
	GlobalSection(ExtensibilityGlobals) = postSolution
		SolutionGuid = {93E8F595-5E31-4940-BE4E-DFD85ACB2E69}
	EndGlobalSection
EndGlobal
